
Microsoft Visual Studio Solution File, Format Version 12.00
# Visual Studio Version 17
VisualStudioVersion = 17.6.33723.286
MinimumVisualStudioVersion = 10.0.40219.1
Project("{FAE04EC0-301F-11D3-BF4B-00C04F79EFBC}") = "ValueChangeInMatrix", "ValueChangeInMatrix\ValueChangeInMatrix.csproj", "{98C563DA-F67E-4D55-9416-C59264DDD256}"
EndProject
Global
	GlobalSection(SolutionConfigurationPlatforms) = preSolution
		Debug|Any CPU = Debug|Any CPU
		Release|Any CPU = Release|Any CPU
	EndGlobalSection
	GlobalSection(ProjectConfigurationPlatforms) = postSolution
		{98C563DA-F67E-4D55-9416-C59264DDD256}.Debug|Any CPU.ActiveCfg = Debug|Any CPU
		{98C563DA-F67E-4D55-9416-C59264DDD256}.Debug|Any CPU.Build.0 = Debug|Any CPU
		{98C563DA-F67E-4D55-9416-C59264DDD256}.Release|Any CPU.ActiveCfg = Release|Any CPU
		{98C563DA-F67E-4D55-9416-C59264DDD256}.Release|Any CPU.Build.0 = Release|Any CPU
	EndGlobalSection
	GlobalSection(SolutionProperties) = preSolution
		HideSolutionNode = FALSE
	EndGlobalSection
	GlobalSection(ExtensibilityGlobals) = postSolution
		SolutionGuid = {9DC18A9E-D23D-4FFF-BB22-3ECB244671AD}
	EndGlobalSection
EndGlobal
